// !$*UTF8*$!
{
	archiveVersion = 1;
	classes = {
	};
	objectVersion = 56;
	objects = {

/* Begin PBXBuildFile section */
		D20535BA2C1B6568001E1923 /* CameraViewController.swift in Sources */ = {isa = PBXBuildFile; fileRef = D20535B92C1B6568001E1923 /* CameraViewController.swift */; };
		D20535BC2C1B7136001E1923 /* CameraViewWrapper.swift in Sources */ = {isa = PBXBuildFile; fileRef = D20535BB2C1B7136001E1923 /* CameraViewWrapper.swift */; };
		D27B19312C1E38A8007F2579 /* Quicksand-Regular.ttf in Resources */ = {isa = PBXBuildFile; fileRef = D27B192D2C1E38A8007F2579 /* Quicksand-Regular.ttf */; };
		D27B19322C1E38A8007F2579 /* Quicksand-SemiBold.ttf in Resources */ = {isa = PBXBuildFile; fileRef = D27B192E2C1E38A8007F2579 /* Quicksand-SemiBold.ttf */; };
		D27B19332C1E38A8007F2579 /* Quicksand-Bold.ttf in Resources */ = {isa = PBXBuildFile; fileRef = D27B192F2C1E38A8007F2579 /* Quicksand-Bold.ttf */; };
		D27B19342C1E38A8007F2579 /* Quicksand-Light.ttf in Resources */ = {isa = PBXBuildFile; fileRef = D27B19302C1E38A8007F2579 /* Quicksand-Light.ttf */; };
		D28722BF2C06BB9C001B128F /* Login.swift in Sources */ = {isa = PBXBuildFile; fileRef = D28722BE2C06BB9C001B128F /* Login.swift */; };
		D2B2B88A2C05576700D8D880 /* Photo_SharingApp.swift in Sources */ = {isa = PBXBuildFile; fileRef = D2B2B8892C05576700D8D880 /* Photo_SharingApp.swift */; };
		D2B2B88C2C05576700D8D880 /* ContentView.swift in Sources */ = {isa = PBXBuildFile; fileRef = D2B2B88B2C05576700D8D880 /* ContentView.swift */; };
		D2B2B88E2C05576800D8D880 /* Assets.xcassets in Resources */ = {isa = PBXBuildFile; fileRef = D2B2B88D2C05576800D8D880 /* Assets.xcassets */; };
		D2B2B8912C05576800D8D880 /* Preview Assets.xcassets in Resources */ = {isa = PBXBuildFile; fileRef = D2B2B8902C05576800D8D880 /* Preview Assets.xcassets */; };
		D2D80FBA2C08D31C00E7EB45 /* Create Account.swift in Sources */ = {isa = PBXBuildFile; fileRef = D2D80FB92C08D31C00E7EB45 /* Create Account.swift */; };
		D2D80FBC2C08DC4000E7EB45 /* FirstPageEver.swift in Sources */ = {isa = PBXBuildFile; fileRef = D2D80FBB2C08DC4000E7EB45 /* FirstPageEver.swift */; };
/* End PBXBuildFile section */

/* Begin PBXFileReference section */
		D20535B82C1B647D001E1923 /* Photo-Sharing-Info.plist */ = {isa = PBXFileReference; lastKnownFileType = text.plist; path = "Photo-Sharing-Info.plist"; sourceTree = SOURCE_ROOT; };
		D20535B92C1B6568001E1923 /* CameraViewController.swift */ = {isa = PBXFileReference; lastKnownFileType = sourcecode.swift; path = CameraViewController.swift; sourceTree = "<group>"; };
		D20535BB2C1B7136001E1923 /* CameraViewWrapper.swift */ = {isa = PBXFileReference; lastKnownFileType = sourcecode.swift; path = CameraViewWrapper.swift; sourceTree = "<group>"; };
		D27B192D2C1E38A8007F2579 /* Quicksand-Regular.ttf */ = {isa = PBXFileReference; lastKnownFileType = file; path = "Quicksand-Regular.ttf"; sourceTree = "<group>"; };
		D27B192E2C1E38A8007F2579 /* Quicksand-SemiBold.ttf */ = {isa = PBXFileReference; lastKnownFileType = file; path = "Quicksand-SemiBold.ttf"; sourceTree = "<group>"; };
		D27B192F2C1E38A8007F2579 /* Quicksand-Bold.ttf */ = {isa = PBXFileReference; lastKnownFileType = file; path = "Quicksand-Bold.ttf"; sourceTree = "<group>"; };
		D27B19302C1E38A8007F2579 /* Quicksand-Light.ttf */ = {isa = PBXFileReference; lastKnownFileType = file; path = "Quicksand-Light.ttf"; sourceTree = "<group>"; };
		D28722BE2C06BB9C001B128F /* Login.swift */ = {isa = PBXFileReference; lastKnownFileType = sourcecode.swift; path = Login.swift; sourceTree = "<group>"; };
		D2B2B8862C05576700D8D880 /* Photo Sharing.app */ = {isa = PBXFileReference; explicitFileType = wrapper.application; includeInIndex = 0; path = "Photo Sharing.app"; sourceTree = BUILT_PRODUCTS_DIR; };
		D2B2B8892C05576700D8D880 /* Photo_SharingApp.swift */ = {isa = PBXFileReference; lastKnownFileType = sourcecode.swift; path = Photo_SharingApp.swift; sourceTree = "<group>"; };
		D2B2B88B2C05576700D8D880 /* ContentView.swift */ = {isa = PBXFileReference; lastKnownFileType = sourcecode.swift; path = ContentView.swift; sourceTree = "<group>"; };
		D2B2B88D2C05576800D8D880 /* Assets.xcassets */ = {isa = PBXFileReference; lastKnownFileType = folder.assetcatalog; path = Assets.xcassets; sourceTree = "<group>"; };
		D2B2B8902C05576800D8D880 /* Preview Assets.xcassets */ = {isa = PBXFileReference; lastKnownFileType = folder.assetcatalog; path = "Preview Assets.xcassets"; sourceTree = "<group>"; };
		D2D80FB92C08D31C00E7EB45 /* Create Account.swift */ = {isa = PBXFileReference; lastKnownFileType = sourcecode.swift; path = "Create Account.swift"; sourceTree = "<group>"; };
		D2D80FBB2C08DC4000E7EB45 /* FirstPageEver.swift */ = {isa = PBXFileReference; lastKnownFileType = sourcecode.swift; path = FirstPageEver.swift; sourceTree = "<group>"; };
/* End PBXFileReference section */

/* Begin PBXFrameworksBuildPhase section */
		D2B2B8832C05576700D8D880 /* Frameworks */ = {
			isa = PBXFrameworksBuildPhase;
			buildActionMask = 2147483647;
			files = (
			);
			runOnlyForDeploymentPostprocessing = 0;
		};
/* End PBXFrameworksBuildPhase section */

/* Begin PBXGroup section */
		D27B192C2C1E3873007F2579 /* Fonts */ = {
			isa = PBXGroup;
			children = (
				D27B192F2C1E38A8007F2579 /* Quicksand-Bold.ttf */,
				D27B19302C1E38A8007F2579 /* Quicksand-Light.ttf */,
				D27B192D2C1E38A8007F2579 /* Quicksand-Regular.ttf */,
				D27B192E2C1E38A8007F2579 /* Quicksand-SemiBold.ttf */,
			);
			path = Fonts;
			sourceTree = "<group>";
		};
		D2B2B87D2C05576700D8D880 = {
			isa = PBXGroup;
			children = (
				D2B2B8882C05576700D8D880 /* Photo Sharing */,
				D2B2B8872C05576700D8D880 /* Products */,
			);
			sourceTree = "<group>";
		};
		D2B2B8872C05576700D8D880 /* Products */ = {
			isa = PBXGroup;
			children = (
				D2B2B8862C05576700D8D880 /* Photo Sharing.app */,
			);
			name = Products;
			sourceTree = "<group>";
		};
		D2B2B8882C05576700D8D880 /* Photo Sharing */ = {
			isa = PBXGroup;
			children = (
				D27B192C2C1E3873007F2579 /* Fonts */,
				D20535B82C1B647D001E1923 /* Photo-Sharing-Info.plist */,
				D2B2B8892C05576700D8D880 /* Photo_SharingApp.swift */,
				D20535B92C1B6568001E1923 /* CameraViewController.swift */,
				D20535BB2C1B7136001E1923 /* CameraViewWrapper.swift */,
				D2B2B88B2C05576700D8D880 /* ContentView.swift */,
				D2D80FBB2C08DC4000E7EB45 /* FirstPageEver.swift */,
				D2D80FB92C08D31C00E7EB45 /* Create Account.swift */,
				D28722BE2C06BB9C001B128F /* Login.swift */,
				D2B2B88D2C05576800D8D880 /* Assets.xcassets */,
				D2B2B88F2C05576800D8D880 /* Preview Content */,
			);
			path = "Photo Sharing";
			sourceTree = "<group>";
		};
		D2B2B88F2C05576800D8D880 /* Preview Content */ = {
			isa = PBXGroup;
			children = (
				D2B2B8902C05576800D8D880 /* Preview Assets.xcassets */,
			);
			path = "Preview Content";
			sourceTree = "<group>";
		};
/* End PBXGroup section */

/* Begin PBXNativeTarget section */
		D2B2B8852C05576700D8D880 /* Photo Sharing */ = {
			isa = PBXNativeTarget;
			buildConfigurationList = D2B2B8942C05576800D8D880 /* Build configuration list for PBXNativeTarget "Photo Sharing" */;
			buildPhases = (
				D2B2B8822C05576700D8D880 /* Sources */,
				D2B2B8832C05576700D8D880 /* Frameworks */,
				D2B2B8842C05576700D8D880 /* Resources */,
			);
			buildRules = (
			);
			dependencies = (
			);
			name = "Photo Sharing";
			productName = "Photo Sharing";
			productReference = D2B2B8862C05576700D8D880 /* Photo Sharing.app */;
			productType = "com.apple.product-type.application";
		};
/* End PBXNativeTarget section */

/* Begin PBXProject section */
		D2B2B87E2C05576700D8D880 /* Project object */ = {
			isa = PBXProject;
			attributes = {
				BuildIndependentTargetsInParallel = 1;
				LastSwiftUpdateCheck = 1540;
				LastUpgradeCheck = 1540;
				TargetAttributes = {
					D2B2B8852C05576700D8D880 = {
						CreatedOnToolsVersion = 15.4;
					};
				};
			};
			buildConfigurationList = D2B2B8812C05576700D8D880 /* Build configuration list for PBXProject "Photo Sharing" */;
			compatibilityVersion = "Xcode 14.0";
			developmentRegion = en;
			hasScannedForEncodings = 0;
			knownRegions = (
				en,
				Base,
			);
			mainGroup = D2B2B87D2C05576700D8D880;
			productRefGroup = D2B2B8872C05576700D8D880 /* Products */;
			projectDirPath = "";
			projectRoot = "";
			targets = (
				D2B2B8852C05576700D8D880 /* Photo Sharing */,
			);
		};
/* End PBXProject section */

/* Begin PBXResourcesBuildPhase section */
		D2B2B8842C05576700D8D880 /* Resources */ = {
			isa = PBXResourcesBuildPhase;
			buildActionMask = 2147483647;
			files = (
				D2B2B8912C05576800D8D880 /* Preview Assets.xcassets in Resources */,
				D27B19322C1E38A8007F2579 /* Quicksand-SemiBold.ttf in Resources */,
				D27B19312C1E38A8007F2579 /* Quicksand-Regular.ttf in Resources */,
				D27B19342C1E38A8007F2579 /* Quicksand-Light.ttf in Resources */,
				D2B2B88E2C05576800D8D880 /* Assets.xcassets in Resources */,
				D27B19332C1E38A8007F2579 /* Quicksand-Bold.ttf in Resources */,
			);
			runOnlyForDeploymentPostprocessing = 0;
		};
/* End PBXResourcesBuildPhase section */

/* Begin PBXSourcesBuildPhase section */
		D2B2B8822C05576700D8D880 /* Sources */ = {
			isa = PBXSourcesBuildPhase;
			buildActionMask = 2147483647;
			files = (
				D2D80FBA2C08D31C00E7EB45 /* Create Account.swift in Sources */,
				D28722BF2C06BB9C001B128F /* Login.swift in Sources */,
				D2B2B88C2C05576700D8D880 /* ContentView.swift in Sources */,
				D20535BA2C1B6568001E1923 /* CameraViewController.swift in Sources */,
				D2B2B88A2C05576700D8D880 /* Photo_SharingApp.swift in Sources */,
				D2D80FBC2C08DC4000E7EB45 /* FirstPageEver.swift in Sources */,
				D20535BC2C1B7136001E1923 /* CameraViewWrapper.swift in Sources */,
			);
			runOnlyForDeploymentPostprocessing = 0;
		};
/* End PBXSourcesBuildPhase section */

/* Begin XCBuildConfiguration section */
		D2B2B8922C05576800D8D880 /* Debug */ = {
			isa = XCBuildConfiguration;
			buildSettings = {
				ALWAYS_SEARCH_USER_PATHS = NO;
				ASSETCATALOG_COMPILER_GENERATE_SWIFT_ASSET_SYMBOL_EXTENSIONS = YES;
				CLANG_ANALYZER_NONNULL = YES;
				CLANG_ANALYZER_NUMBER_OBJECT_CONVERSION = YES_AGGRESSIVE;
				CLANG_CXX_LANGUAGE_STANDARD = "gnu++20";
				CLANG_ENABLE_MODULES = YES;
				CLANG_ENABLE_OBJC_ARC = YES;
				CLANG_ENABLE_OBJC_WEAK = YES;
				CLANG_WARN_BLOCK_CAPTURE_AUTORELEASING = YES;
				CLANG_WARN_BOOL_CONVERSION = YES;
				CLANG_WARN_COMMA = YES;
				CLANG_WARN_CONSTANT_CONVERSION = YES;
				CLANG_WARN_DEPRECATED_OBJC_IMPLEMENTATIONS = YES;
				CLANG_WARN_DIRECT_OBJC_ISA_USAGE = YES_ERROR;
				CLANG_WARN_DOCUMENTATION_COMMENTS = YES;
				CLANG_WARN_EMPTY_BODY = YES;
				CLANG_WARN_ENUM_CONVERSION = YES;
				CLANG_WARN_INFINITE_RECURSION = YES;
				CLANG_WARN_INT_CONVERSION = YES;
				CLANG_WARN_NON_LITERAL_NULL_CONVERSION = YES;
				CLANG_WARN_OBJC_IMPLICIT_RETAIN_SELF = YES;
				CLANG_WARN_OBJC_LITERAL_CONVERSION = YES;
				CLANG_WARN_OBJC_ROOT_CLASS = YES_ERROR;
				CLANG_WARN_QUOTED_INCLUDE_IN_FRAMEWORK_HEADER = YES;
				CLANG_WARN_RANGE_LOOP_ANALYSIS = YES;
				CLANG_WARN_STRICT_PROTOTYPES = YES;
				CLANG_WARN_SUSPICIOUS_MOVE = YES;
				CLANG_WARN_UNGUARDED_AVAILABILITY = YES_AGGRESSIVE;
				CLANG_WARN_UNREACHABLE_CODE = YES;
				CLANG_WARN__DUPLICATE_METHOD_MATCH = YES;
				COPY_PHASE_STRIP = NO;
				DEBUG_INFORMATION_FORMAT = dwarf;
				ENABLE_STRICT_OBJC_MSGSEND = YES;
				ENABLE_TESTABILITY = YES;
				ENABLE_USER_SCRIPT_SANDBOXING = YES;
				GCC_C_LANGUAGE_STANDARD = gnu17;
				GCC_DYNAMIC_NO_PIC = NO;
				GCC_NO_COMMON_BLOCKS = YES;
				GCC_OPTIMIZATION_LEVEL = 0;
				GCC_PREPROCESSOR_DEFINITIONS = (
					"DEBUG=1",
					"$(inherited)",
				);
				GCC_WARN_64_TO_32_BIT_CONVERSION = YES;
				GCC_WARN_ABOUT_RETURN_TYPE = YES_ERROR;
				GCC_WARN_UNDECLARED_SELECTOR = YES;
				GCC_WARN_UNINITIALIZED_AUTOS = YES_AGGRESSIVE;
				GCC_WARN_UNUSED_FUNCTION = YES;
				GCC_WARN_UNUSED_VARIABLE = YES;
				IPHONEOS_DEPLOYMENT_TARGET = 17.5;
				LOCALIZATION_PREFERS_STRING_CATALOGS = YES;
				MTL_ENABLE_DEBUG_INFO = INCLUDE_SOURCE;
				MTL_FAST_MATH = YES;
				ONLY_ACTIVE_ARCH = YES;
				SDKROOT = iphoneos;
				SWIFT_ACTIVE_COMPILATION_CONDITIONS = "DEBUG $(inherited)";
				SWIFT_OPTIMIZATION_LEVEL = "-Onone";
			};
			name = Debug;
		};
		D2B2B8932C05576800D8D880 /* Release */ = {
			isa = XCBuildConfiguration;
			buildSettings = {
				ALWAYS_SEARCH_USER_PATHS = NO;
				ASSETCATALOG_COMPILER_GENERATE_SWIFT_ASSET_SYMBOL_EXTENSIONS = YES;
				CLANG_ANALYZER_NONNULL = YES;
				CLANG_ANALYZER_NUMBER_OBJECT_CONVERSION = YES_AGGRESSIVE;
				CLANG_CXX_LANGUAGE_STANDARD = "gnu++20";
				CLANG_ENABLE_MODULES = YES;
				CLANG_ENABLE_OBJC_ARC = YES;
				CLANG_ENABLE_OBJC_WEAK = YES;
				CLANG_WARN_BLOCK_CAPTURE_AUTORELEASING = YES;
				CLANG_WARN_BOOL_CONVERSION = YES;
				CLANG_WARN_COMMA = YES;
				CLANG_WARN_CONSTANT_CONVERSION = YES;
				CLANG_WARN_DEPRECATED_OBJC_IMPLEMENTATIONS = YES;
				CLANG_WARN_DIRECT_OBJC_ISA_USAGE = YES_ERROR;
				CLANG_WARN_DOCUMENTATION_COMMENTS = YES;
				CLANG_WARN_EMPTY_BODY = YES;
				CLANG_WARN_ENUM_CONVERSION = YES;
				CLANG_WARN_INFINITE_RECURSION = YES;
				CLANG_WARN_INT_CONVERSION = YES;
				CLANG_WARN_NON_LITERAL_NULL_CONVERSION = YES;
				CLANG_WARN_OBJC_IMPLICIT_RETAIN_SELF = YES;
				CLANG_WARN_OBJC_LITERAL_CONVERSION = YES;
				CLANG_WARN_OBJC_ROOT_CLASS = YES_ERROR;
				CLANG_WARN_QUOTED_INCLUDE_IN_FRAMEWORK_HEADER = YES;
				CLANG_WARN_RANGE_LOOP_ANALYSIS = YES;
				CLANG_WARN_STRICT_PROTOTYPES = YES;
				CLANG_WARN_SUSPICIOUS_MOVE = YES;
				CLANG_WARN_UNGUARDED_AVAILABILITY = YES_AGGRESSIVE;
				CLANG_WARN_UNREACHABLE_CODE = YES;
				CLANG_WARN__DUPLICATE_METHOD_MATCH = YES;
				COPY_PHASE_STRIP = NO;
				DEBUG_INFORMATION_FORMAT = "dwarf-with-dsym";
				ENABLE_NS_ASSERTIONS = NO;
				ENABLE_STRICT_OBJC_MSGSEND = YES;
				ENABLE_USER_SCRIPT_SANDBOXING = YES;
				GCC_C_LANGUAGE_STANDARD = gnu17;
				GCC_NO_COMMON_BLOCKS = YES;
				GCC_WARN_64_TO_32_BIT_CONVERSION = YES;
				GCC_WARN_ABOUT_RETURN_TYPE = YES_ERROR;
				GCC_WARN_UNDECLARED_SELECTOR = YES;
				GCC_WARN_UNINITIALIZED_AUTOS = YES_AGGRESSIVE;
				GCC_WARN_UNUSED_FUNCTION = YES;
				GCC_WARN_UNUSED_VARIABLE = YES;
				IPHONEOS_DEPLOYMENT_TARGET = 17.5;
				LOCALIZATION_PREFERS_STRING_CATALOGS = YES;
				MTL_ENABLE_DEBUG_INFO = NO;
				MTL_FAST_MATH = YES;
				SDKROOT = iphoneos;
				SWIFT_COMPILATION_MODE = wholemodule;
				VALIDATE_PRODUCT = YES;
			};
			name = Release;
		};
		D2B2B8952C05576800D8D880 /* Debug */ = {
			isa = XCBuildConfiguration;
			buildSettings = {
				ASSETCATALOG_COMPILER_APPICON_NAME = AppIcon;
				ASSETCATALOG_COMPILER_GLOBAL_ACCENT_COLOR_NAME = AccentColor;
				CODE_SIGN_STYLE = Automatic;
				CURRENT_PROJECT_VERSION = 1;
				DEVELOPMENT_ASSET_PATHS = "\"Photo Sharing/Preview Content\"";
				DEVELOPMENT_TEAM = JAMYL79GFY;
				ENABLE_PREVIEWS = YES;
				GENERATE_INFOPLIST_FILE = YES;
				INFOPLIST_FILE = "Photo-Sharing-Info.plist";
				INFOPLIST_KEY_NSCameraUsageDescription = "We need access to your camera to take photos";
				INFOPLIST_KEY_UIApplicationSceneManifest_Generation = YES;
				INFOPLIST_KEY_UIApplicationSupportsIndirectInputEvents = YES;
				INFOPLIST_KEY_UILaunchScreen_Generation = YES;
				INFOPLIST_KEY_UIStatusBarStyle = "";
				INFOPLIST_KEY_UISupportedInterfaceOrientations_iPhone = "UIInterfaceOrientationPortrait UIInterfaceOrientationLandscapeLeft UIInterfaceOrientationLandscapeRight";
				IPHONEOS_DEPLOYMENT_TARGET = 17.0;
				LD_RUNPATH_SEARCH_PATHS = (
					"$(inherited)",
					"@executable_path/Frameworks",
				);
				MARKETING_VERSION = 1.0;
				PRODUCT_BUNDLE_IDENTIFIER = "com.kadin.Photo-Sharing";
				PRODUCT_NAME = "$(TARGET_NAME)";
				SWIFT_EMIT_LOC_STRINGS = YES;
				SWIFT_VERSION = 5.0;
				TARGETED_DEVICE_FAMILY = "1,2";
			};
			name = Debug;
		};
		D2B2B8962C05576800D8D880 /* Release */ = {
			isa = XCBuildConfiguration;
			buildSettings = {
				ASSETCATALOG_COMPILER_APPICON_NAME = AppIcon;
				ASSETCATALOG_COMPILER_GLOBAL_ACCENT_COLOR_NAME = AccentColor;
				CODE_SIGN_STYLE = Automatic;
				CURRENT_PROJECT_VERSION = 1;
				DEVELOPMENT_ASSET_PATHS = "\"Photo Sharing/Preview Content\"";
				DEVELOPMENT_TEAM = JAMYL79GFY;
				ENABLE_PREVIEWS = YES;
				GENERATE_INFOPLIST_FILE = YES;
				INFOPLIST_FILE = "Photo-Sharing-Info.plist";
				INFOPLIST_KEY_NSCameraUsageDescription = "We need access to your camera to take photos";
				INFOPLIST_KEY_UIApplicationSceneManifest_Generation = YES;
				INFOPLIST_KEY_UIApplicationSupportsIndirectInputEvents = YES;
				INFOPLIST_KEY_UILaunchScreen_Generation = YES;
				INFOPLIST_KEY_UIStatusBarStyle = "";
				INFOPLIST_KEY_UISupportedInterfaceOrientations_iPhone = "UIInterfaceOrientationPortrait UIInterfaceOrientationLandscapeLeft UIInterfaceOrientationLandscapeRight";
				IPHONEOS_DEPLOYMENT_TARGET = 17.0;
				LD_RUNPATH_SEARCH_PATHS = (
					"$(inherited)",
					"@executable_path/Frameworks",
				);
				MARKETING_VERSION = 1.0;
				PRODUCT_BUNDLE_IDENTIFIER = "com.kadin.Photo-Sharing";
				PRODUCT_NAME = "$(TARGET_NAME)";
				SWIFT_EMIT_LOC_STRINGS = YES;
				SWIFT_VERSION = 5.0;
				TARGETED_DEVICE_FAMILY = "1,2";
			};
			name = Release;
		};
/* End XCBuildConfiguration section */

/* Begin XCConfigurationList section */
		D2B2B8812C05576700D8D880 /* Build configuration list for PBXProject "Photo Sharing" */ = {
			isa = XCConfigurationList;
			buildConfigurations = (
				D2B2B8922C05576800D8D880 /* Debug */,
				D2B2B8932C05576800D8D880 /* Release */,
			);
			defaultConfigurationIsVisible = 0;
			defaultConfigurationName = Release;
		};
		D2B2B8942C05576800D8D880 /* Build configuration list for PBXNativeTarget "Photo Sharing" */ = {
			isa = XCConfigurationList;
			buildConfigurations = (
				D2B2B8952C05576800D8D880 /* Debug */,
				D2B2B8962C05576800D8D880 /* Release */,
			);
			defaultConfigurationIsVisible = 0;
			defaultConfigurationName = Release;
		};
/* End XCConfigurationList section */
	};
	rootObject = D2B2B87E2C05576700D8D880 /* Project object */;
}
